
Microsoft Visual Studio Solution File, Format Version 12.00
# Visual Studio Version 16
VisualStudioVersion = 16.0.31321.278
MinimumVisualStudioVersion = 10.0.40219.1
Project("{9A19103F-16F7-4668-BE54-9A1E7A4F7556}") = "PizzaCalories", "Encapsulation\PizzaCalories.csproj", "{B9826665-B24E-4AAA-8AD3-DE9C702C05B9}"
EndProject
Project("{9A19103F-16F7-4668-BE54-9A1E7A4F7556}") = "FootballTeamGenerator", "FootballTeamGenerator\FootballTeamGenerator.csproj", "{69F1D392-CD31-49ED-8E66-03E12532CBDA}"
EndProject
Project("{FAE04EC0-301F-11D3-BF4B-00C04F79EFBC}") = "ShoppingSpree", "ShoppingSpree\ShoppingSpree.csproj", "{4F90F2B3-9AAC-4094-93C4-8F02503F7241}"
EndProject
Project("{FAE04EC0-301F-11D3-BF4B-00C04F79EFBC}") = "ClassBoxData", "ClassBoxData\ClassBoxData.csproj", "{99C81374-0221-49BD-9A0D-C43C8CF7CFE0}"
EndProject
Global
	GlobalSection(SolutionConfigurationPlatforms) = preSolution
		Debug|Any CPU = Debug|Any CPU
		Release|Any CPU = Release|Any CPU
	EndGlobalSection
	GlobalSection(ProjectConfigurationPlatforms) = postSolution
		{B9826665-B24E-4AAA-8AD3-DE9C702C05B9}.Debug|Any CPU.ActiveCfg = Debug|Any CPU
		{B9826665-B24E-4AAA-8AD3-DE9C702C05B9}.Debug|Any CPU.Build.0 = Debug|Any CPU
		{B9826665-B24E-4AAA-8AD3-DE9C702C05B9}.Release|Any CPU.ActiveCfg = Release|Any CPU
		{B9826665-B24E-4AAA-8AD3-DE9C702C05B9}.Release|Any CPU.Build.0 = Release|Any CPU
		{69F1D392-CD31-49ED-8E66-03E12532CBDA}.Debug|Any CPU.ActiveCfg = Debug|Any CPU
		{69F1D392-CD31-49ED-8E66-03E12532CBDA}.Debug|Any CPU.Build.0 = Debug|Any CPU
		{69F1D392-CD31-49ED-8E66-03E12532CBDA}.Release|Any CPU.ActiveCfg = Release|Any CPU
		{69F1D392-CD31-49ED-8E66-03E12532CBDA}.Release|Any CPU.Build.0 = Release|Any CPU
		{4F90F2B3-9AAC-4094-93C4-8F02503F7241}.Debug|Any CPU.ActiveCfg = Debug|Any CPU
		{4F90F2B3-9AAC-4094-93C4-8F02503F7241}.Debug|Any CPU.Build.0 = Debug|Any CPU
		{4F90F2B3-9AAC-4094-93C4-8F02503F7241}.Release|Any CPU.ActiveCfg = Release|Any CPU
		{4F90F2B3-9AAC-4094-93C4-8F02503F7241}.Release|Any CPU.Build.0 = Release|Any CPU
		{99C81374-0221-49BD-9A0D-C43C8CF7CFE0}.Debug|Any CPU.ActiveCfg = Debug|Any CPU
		{99C81374-0221-49BD-9A0D-C43C8CF7CFE0}.Debug|Any CPU.Build.0 = Debug|Any CPU
		{99C81374-0221-49BD-9A0D-C43C8CF7CFE0}.Release|Any CPU.ActiveCfg = Release|Any CPU
		{99C81374-0221-49BD-9A0D-C43C8CF7CFE0}.Release|Any CPU.Build.0 = Release|Any CPU
	EndGlobalSection
	GlobalSection(SolutionProperties) = preSolution
		HideSolutionNode = FALSE
	EndGlobalSection
	GlobalSection(ExtensibilityGlobals) = postSolution
		SolutionGuid = {C0F8EB7D-0B49-4E20-A9B2-B8F43FB3F02C}
	EndGlobalSection
EndGlobal
