
Microsoft Visual Studio Solution File, Format Version 12.00
# Visual Studio Version 16
VisualStudioVersion = 16.0.31321.278
MinimumVisualStudioVersion = 10.0.40219.1
Project("{9A19103F-16F7-4668-BE54-9A1E7A4F7556}") = "Vehicles", "PolymorphismExercise\Vehicles.csproj", "{E4016444-AB1E-4816-8551-6C948CCE8EF7}"
EndProject
Project("{FAE04EC0-301F-11D3-BF4B-00C04F79EFBC}") = "VehicleExtention", "VehicleExtention\VehicleExtention.csproj", "{53914267-702C-44AA-9CB6-E2601C2D550E}"
EndProject
Project("{FAE04EC0-301F-11D3-BF4B-00C04F79EFBC}") = "WildFarm", "WildFarm\WildFarm.csproj", "{0C73EE01-CD6D-4DFC-918E-49FA6ABDF8F5}"
EndProject
Project("{FAE04EC0-301F-11D3-BF4B-00C04F79EFBC}") = "Raiding", "Raiding\Raiding.csproj", "{29790441-85E2-469E-ABB3-C7AA5EC117C3}"
EndProject
Global
	GlobalSection(SolutionConfigurationPlatforms) = preSolution
		Debug|Any CPU = Debug|Any CPU
		Release|Any CPU = Release|Any CPU
	EndGlobalSection
	GlobalSection(ProjectConfigurationPlatforms) = postSolution
		{E4016444-AB1E-4816-8551-6C948CCE8EF7}.Debug|Any CPU.ActiveCfg = Debug|Any CPU
		{E4016444-AB1E-4816-8551-6C948CCE8EF7}.Debug|Any CPU.Build.0 = Debug|Any CPU
		{E4016444-AB1E-4816-8551-6C948CCE8EF7}.Release|Any CPU.ActiveCfg = Release|Any CPU
		{E4016444-AB1E-4816-8551-6C948CCE8EF7}.Release|Any CPU.Build.0 = Release|Any CPU
		{53914267-702C-44AA-9CB6-E2601C2D550E}.Debug|Any CPU.ActiveCfg = Debug|Any CPU
		{53914267-702C-44AA-9CB6-E2601C2D550E}.Debug|Any CPU.Build.0 = Debug|Any CPU
		{53914267-702C-44AA-9CB6-E2601C2D550E}.Release|Any CPU.ActiveCfg = Release|Any CPU
		{53914267-702C-44AA-9CB6-E2601C2D550E}.Release|Any CPU.Build.0 = Release|Any CPU
		{0C73EE01-CD6D-4DFC-918E-49FA6ABDF8F5}.Debug|Any CPU.ActiveCfg = Debug|Any CPU
		{0C73EE01-CD6D-4DFC-918E-49FA6ABDF8F5}.Debug|Any CPU.Build.0 = Debug|Any CPU
		{0C73EE01-CD6D-4DFC-918E-49FA6ABDF8F5}.Release|Any CPU.ActiveCfg = Release|Any CPU
		{0C73EE01-CD6D-4DFC-918E-49FA6ABDF8F5}.Release|Any CPU.Build.0 = Release|Any CPU
		{29790441-85E2-469E-ABB3-C7AA5EC117C3}.Debug|Any CPU.ActiveCfg = Debug|Any CPU
		{29790441-85E2-469E-ABB3-C7AA5EC117C3}.Debug|Any CPU.Build.0 = Debug|Any CPU
		{29790441-85E2-469E-ABB3-C7AA5EC117C3}.Release|Any CPU.ActiveCfg = Release|Any CPU
		{29790441-85E2-469E-ABB3-C7AA5EC117C3}.Release|Any CPU.Build.0 = Release|Any CPU
	EndGlobalSection
	GlobalSection(SolutionProperties) = preSolution
		HideSolutionNode = FALSE
	EndGlobalSection
	GlobalSection(ExtensibilityGlobals) = postSolution
		SolutionGuid = {D823E9D5-406E-42CA-8FC6-04FB0B70C2C4}
	EndGlobalSection
EndGlobal
